
Microsoft Visual Studio Solution File, Format Version 12.00
# Visual Studio Version 16
VisualStudioVersion = 16.0.29102.190
MinimumVisualStudioVersion = 10.0.40219.1
Project("{9A19103F-16F7-4668-BE54-9A1E7A4F7556}") = "ArenaServer", "ArenaServer\ArenaServer.csproj", "{31F38217-CE79-4D5F-B4C3-30F67C4F89E6}"
EndProject
Project("{9A19103F-16F7-4668-BE54-9A1E7A4F7556}") = "ArenaServer.Tests", "ArenaServer.Tests\ArenaServer.Tests.csproj", "{E26E7F58-5DE5-4B8A-A080-6BECC95C1BF7}"
EndProject
Project("{9A19103F-16F7-4668-BE54-9A1E7A4F7556}") = "ArenaServer.Data", "ArenaServer.Data\ArenaServer.Data.csproj", "{EA637E66-FC7D-4979-B0E9-AE9A59253766}"
EndProject
Project("{FAE04EC0-301F-11D3-BF4B-00C04F79EFBC}") = "ArenaServer.Data.Configurations", "ArenaServer.Configurations\ArenaServer.Data.Configurations.csproj", "{33DF8810-3CAF-493A-9348-1F5E8BEE5E71}"
EndProject
Project("{FAE04EC0-301F-11D3-BF4B-00C04F79EFBC}") = "ArenaServer.Data.Tests", "ArenaServer.Data.Tests\ArenaServer.Data.Tests.csproj", "{6139BC06-08C3-43DD-AB81-2A09DB8C7BD6}"
EndProject
Project("{FAE04EC0-301F-11D3-BF4B-00C04F79EFBC}") = "ArenaServer.Data.Models", "ArenaServer.Data.Models\ArenaServer.Data.Models.csproj", "{7C30B594-6FD4-4ED2-B2F8-DB5C3CA8796B}"
EndProject
Global
	GlobalSection(SolutionConfigurationPlatforms) = preSolution
		Debug|Any CPU = Debug|Any CPU
		Release|Any CPU = Release|Any CPU
	EndGlobalSection
	GlobalSection(ProjectConfigurationPlatforms) = postSolution
		{31F38217-CE79-4D5F-B4C3-30F67C4F89E6}.Debug|Any CPU.ActiveCfg = Debug|Any CPU
		{31F38217-CE79-4D5F-B4C3-30F67C4F89E6}.Debug|Any CPU.Build.0 = Debug|Any CPU
		{31F38217-CE79-4D5F-B4C3-30F67C4F89E6}.Release|Any CPU.ActiveCfg = Release|Any CPU
		{31F38217-CE79-4D5F-B4C3-30F67C4F89E6}.Release|Any CPU.Build.0 = Release|Any CPU
		{E26E7F58-5DE5-4B8A-A080-6BECC95C1BF7}.Debug|Any CPU.ActiveCfg = Debug|Any CPU
		{E26E7F58-5DE5-4B8A-A080-6BECC95C1BF7}.Debug|Any CPU.Build.0 = Debug|Any CPU
		{E26E7F58-5DE5-4B8A-A080-6BECC95C1BF7}.Release|Any CPU.ActiveCfg = Release|Any CPU
		{E26E7F58-5DE5-4B8A-A080-6BECC95C1BF7}.Release|Any CPU.Build.0 = Release|Any CPU
		{EA637E66-FC7D-4979-B0E9-AE9A59253766}.Debug|Any CPU.ActiveCfg = Debug|Any CPU
		{EA637E66-FC7D-4979-B0E9-AE9A59253766}.Debug|Any CPU.Build.0 = Debug|Any CPU
		{EA637E66-FC7D-4979-B0E9-AE9A59253766}.Release|Any CPU.ActiveCfg = Release|Any CPU
		{EA637E66-FC7D-4979-B0E9-AE9A59253766}.Release|Any CPU.Build.0 = Release|Any CPU
		{33DF8810-3CAF-493A-9348-1F5E8BEE5E71}.Debug|Any CPU.ActiveCfg = Debug|Any CPU
		{33DF8810-3CAF-493A-9348-1F5E8BEE5E71}.Debug|Any CPU.Build.0 = Debug|Any CPU
		{33DF8810-3CAF-493A-9348-1F5E8BEE5E71}.Release|Any CPU.ActiveCfg = Release|Any CPU
		{33DF8810-3CAF-493A-9348-1F5E8BEE5E71}.Release|Any CPU.Build.0 = Release|Any CPU
		{6139BC06-08C3-43DD-AB81-2A09DB8C7BD6}.Debug|Any CPU.ActiveCfg = Debug|Any CPU
		{6139BC06-08C3-43DD-AB81-2A09DB8C7BD6}.Debug|Any CPU.Build.0 = Debug|Any CPU
		{6139BC06-08C3-43DD-AB81-2A09DB8C7BD6}.Release|Any CPU.ActiveCfg = Release|Any CPU
		{6139BC06-08C3-43DD-AB81-2A09DB8C7BD6}.Release|Any CPU.Build.0 = Release|Any CPU
		{7C30B594-6FD4-4ED2-B2F8-DB5C3CA8796B}.Debug|Any CPU.ActiveCfg = Debug|Any CPU
		{7C30B594-6FD4-4ED2-B2F8-DB5C3CA8796B}.Debug|Any CPU.Build.0 = Debug|Any CPU
		{7C30B594-6FD4-4ED2-B2F8-DB5C3CA8796B}.Release|Any CPU.ActiveCfg = Release|Any CPU
		{7C30B594-6FD4-4ED2-B2F8-DB5C3CA8796B}.Release|Any CPU.Build.0 = Release|Any CPU
	EndGlobalSection
	GlobalSection(SolutionProperties) = preSolution
		HideSolutionNode = FALSE
	EndGlobalSection
	GlobalSection(ExtensibilityGlobals) = postSolution
		SolutionGuid = {4AD437F2-E223-4799-B94E-6D53B840AFE3}
	EndGlobalSection
EndGlobal
